{
  "originHash" : "2c5a592f0c06d944f5c3bfa0efd6c969fce22388d97e69bf12de20ab08d66566",
  "pins" : [
    {
      "identity" : "jinja",
      "kind" : "remoteSourceControl",
      "location" : "https://github.com/maiqingqiang/Jinja",
      "state" : {
        "revision" : "6dbe4c449469fb586d0f7339f900f0dd4d78b167",
        "version" : "1.0.6"
      }
    },
    {
      "identity" : "sqlitevec.swift",
      "kind" : "remoteSourceControl",
      "location" : "https://github.com/finnvoor/SQLiteVec.swift.git",
      "state" : {
        "branch" : "main",
        "revision" : "15574c045b7d1b9bdc54f29bb2628210cddad0f8"
      }
    },
    {
      "identity" : "swift-argument-parser",
      "kind" : "remoteSourceControl",
      "location" : "https://github.com/apple/swift-argument-parser.git",
      "state" : {
        "revision" : "41982a3656a71c768319979febd796c6fd111d5c",
        "version" : "1.5.0"
      }
    },
    {
      "identity" : "swift-transformers",
      "kind" : "remoteSourceControl",
      "location" : "https://github.com/huggingface/swift-transformers",
      "state" : {
        "revision" : "d42fdae473c49ea216671da8caae58e102d28709",
        "version" : "0.1.14"
      }
    },
    {
      "identity" : "usearch",
      "kind" : "remoteSourceControl",
      "location" : "git@github.com:unum-cloud/usearch.git",
      "state" : {
        "revision" : "3964f83924431b61e5447da3f0701cbd18e97a26",
        "version" : "2.16.7"
      }
    }
  ],
  "version" : 3
}
