{
  "originHash" : "751d403184341b8fd95459cad291d078e9b676c0c38c220ff236a10c425f7c50",
  "pins" : [
    {
      "identity" : "jinja",
      "kind" : "remoteSourceControl",
      "location" : "https://github.com/maiqingqiang/Jinja",
      "state" : {
        "revision" : "6dbe4c449469fb586d0f7339f900f0dd4d78b167",
        "version" : "1.0.6"
      }
    },
    {
      "identity" : "sqlitevec.swift",
      "kind" : "remoteSourceControl",
      "location" : "https://github.com/finnvoor/SQLiteVec.swift.git",
      "state" : {
        "branch" : "main",
        "revision" : "058d5f9fd94339fc3d3956a68d0c6c1fe7879488"
      }
    },
    {
      "identity" : "swift-argument-parser",
      "kind" : "remoteSourceControl",
      "location" : "https://github.com/apple/swift-argument-parser.git",
      "state" : {
        "revision" : "41982a3656a71c768319979febd796c6fd111d5c",
        "version" : "1.5.0"
      }
    },
    {
      "identity" : "swift-transformers",
      "kind" : "remoteSourceControl",
      "location" : "https://github.com/huggingface/swift-transformers",
      "state" : {
        "revision" : "d42fdae473c49ea216671da8caae58e102d28709",
        "version" : "0.1.14"
      }
    }
  ],
  "version" : 3
}
